{
  "name": "kuzzle-nodejs",
  "version": "1.0.0",
  "lockfileVersion": 1,
  "requires": true,
  "dependencies": {
    "kuzzle-sdk": {
      "version": "7.10.8",
      "resolved": "https://registry.npmjs.org/kuzzle-sdk/-/kuzzle-sdk-7.10.8.tgz",
      "integrity": "sha512-fGjtiFGAXMZbuv90g9aBT8otLlAiMWNhKGpHDmqskK8qkGufMhzxwSw+NpaoZUDrlyh/kmSnxzzXbSgXvHRitA==",
      "requires": {
        "min-req-promise": "^1.0.1",
        "ws": "^8.13.0"
      }
    },
    "min-req-promise": {
      "version": "1.0.1",
      "resolved": "https://registry.npmjs.org/min-req-promise/-/min-req-promise-1.0.1.tgz",
      "integrity": "sha512-PD2LObOGZPBPk3EMiuxc4Te0a0T0C6ZZni4m6eNl1zgxqJh+jThM026TmxV6IcJM8MWPHagJm3Q+zm2CNOAiDg=="
    },
    "ws": {
      "version": "8.13.0",
      "resolved": "https://registry.npmjs.org/ws/-/ws-8.13.0.tgz",
      "integrity": "sha512-x9vcZYTrFPC7aSIbj7sRCYo7L/Xb8Iy+pW0ng0wt2vCJv7M9HOMy0UoN3rr+IFC7hb7vXoqS+P9ktyLLLhO+LA=="
    }
  }
}
